
Microsoft Visual Studio Solution File, Format Version 12.00
# Visual Studio 14
VisualStudioVersion = 14.0.25420.1
MinimumVisualStudioVersion = 10.0.40219.1
Project("{FAE04EC0-301F-11D3-BF4B-00C04F79EFBC}") = "Awesome.Entities", "Awesome.Entities\Awesome.Entities.csproj", "{9EA3E4B7-EB51-4F5D-AFD8-ED71DC539445}"
EndProject
Project("{FAE04EC0-301F-11D3-BF4B-00C04F79EFBC}") = "Awesome.Web.Api", "Awesome.Web.Api\Awesome.Web.Api.csproj", "{2B412086-6777-4265-8274-0C3305BD0B9A}"
EndProject
Project("{FAE04EC0-301F-11D3-BF4B-00C04F79EFBC}") = "Awesome.Web.WebUi", "Awesome.Web.WebUi\Awesome.Web.WebUi.csproj", "{0F1CCC64-4290-47C6-8967-0A74A93CB97E}"
EndProject
Global
	GlobalSection(SolutionConfigurationPlatforms) = preSolution
		Debug|Any CPU = Debug|Any CPU
		Release|Any CPU = Release|Any CPU
	EndGlobalSection
	GlobalSection(ProjectConfigurationPlatforms) = postSolution
		{9EA3E4B7-EB51-4F5D-AFD8-ED71DC539445}.Debug|Any CPU.ActiveCfg = Debug|Any CPU
		{9EA3E4B7-EB51-4F5D-AFD8-ED71DC539445}.Debug|Any CPU.Build.0 = Debug|Any CPU
		{9EA3E4B7-EB51-4F5D-AFD8-ED71DC539445}.Release|Any CPU.ActiveCfg = Release|Any CPU
		{9EA3E4B7-EB51-4F5D-AFD8-ED71DC539445}.Release|Any CPU.Build.0 = Release|Any CPU
		{2B412086-6777-4265-8274-0C3305BD0B9A}.Debug|Any CPU.ActiveCfg = Debug|Any CPU
		{2B412086-6777-4265-8274-0C3305BD0B9A}.Debug|Any CPU.Build.0 = Debug|Any CPU
		{2B412086-6777-4265-8274-0C3305BD0B9A}.Release|Any CPU.ActiveCfg = Release|Any CPU
		{2B412086-6777-4265-8274-0C3305BD0B9A}.Release|Any CPU.Build.0 = Release|Any CPU
		{0F1CCC64-4290-47C6-8967-0A74A93CB97E}.Debug|Any CPU.ActiveCfg = Debug|Any CPU
		{0F1CCC64-4290-47C6-8967-0A74A93CB97E}.Debug|Any CPU.Build.0 = Debug|Any CPU
		{0F1CCC64-4290-47C6-8967-0A74A93CB97E}.Release|Any CPU.ActiveCfg = Release|Any CPU
		{0F1CCC64-4290-47C6-8967-0A74A93CB97E}.Release|Any CPU.Build.0 = Release|Any CPU
	EndGlobalSection
	GlobalSection(SolutionProperties) = preSolution
		HideSolutionNode = FALSE
	EndGlobalSection
EndGlobal
